
Microsoft Visual Studio Solution File, Format Version 12.00
# Visual Studio 15
VisualStudioVersion = 15.0.27004.2005
MinimumVisualStudioVersion = 10.0.40219.1
Project("{FAE04EC0-301F-11D3-BF4B-00C04F79EFBC}") = "MyProject.BLL", "MyProject.BLL\MyProject.BLL.csproj", "{9EAEFE3B-C850-4E9D-BF99-0E31809D9F8A}"
EndProject
Project("{FAE04EC0-301F-11D3-BF4B-00C04F79EFBC}") = "MyProject.DAL", "MyProject.DAL\MyProject.DAL.csproj", "{E9B71CA6-97F2-4559-80F9-03681E731D61}"
EndProject
Project("{FAE04EC0-301F-11D3-BF4B-00C04F79EFBC}") = "MyProject.Models", "MyProject.Models\MyProject.Models.csproj", "{0409E526-FF5C-4A37-9576-41CB1EBE9E69}"
EndProject
Project("{FAE04EC0-301F-11D3-BF4B-00C04F79EFBC}") = "MyProject.UI", "MyProject.UI\MyProject.UI.csproj", "{FA4415AD-1637-48DF-9C97-2A8D7835E04A}"
EndProject
Global
	GlobalSection(SolutionConfigurationPlatforms) = preSolution
		Debug|Any CPU = Debug|Any CPU
		Release|Any CPU = Release|Any CPU
	EndGlobalSection
	GlobalSection(ProjectConfigurationPlatforms) = postSolution
		{9EAEFE3B-C850-4E9D-BF99-0E31809D9F8A}.Debug|Any CPU.ActiveCfg = Debug|Any CPU
		{9EAEFE3B-C850-4E9D-BF99-0E31809D9F8A}.Debug|Any CPU.Build.0 = Debug|Any CPU
		{9EAEFE3B-C850-4E9D-BF99-0E31809D9F8A}.Release|Any CPU.ActiveCfg = Release|Any CPU
		{9EAEFE3B-C850-4E9D-BF99-0E31809D9F8A}.Release|Any CPU.Build.0 = Release|Any CPU
		{E9B71CA6-97F2-4559-80F9-03681E731D61}.Debug|Any CPU.ActiveCfg = Debug|Any CPU
		{E9B71CA6-97F2-4559-80F9-03681E731D61}.Debug|Any CPU.Build.0 = Debug|Any CPU
		{E9B71CA6-97F2-4559-80F9-03681E731D61}.Release|Any CPU.ActiveCfg = Release|Any CPU
		{E9B71CA6-97F2-4559-80F9-03681E731D61}.Release|Any CPU.Build.0 = Release|Any CPU
		{0409E526-FF5C-4A37-9576-41CB1EBE9E69}.Debug|Any CPU.ActiveCfg = Debug|Any CPU
		{0409E526-FF5C-4A37-9576-41CB1EBE9E69}.Debug|Any CPU.Build.0 = Debug|Any CPU
		{0409E526-FF5C-4A37-9576-41CB1EBE9E69}.Release|Any CPU.ActiveCfg = Release|Any CPU
		{0409E526-FF5C-4A37-9576-41CB1EBE9E69}.Release|Any CPU.Build.0 = Release|Any CPU
		{FA4415AD-1637-48DF-9C97-2A8D7835E04A}.Debug|Any CPU.ActiveCfg = Debug|Any CPU
		{FA4415AD-1637-48DF-9C97-2A8D7835E04A}.Debug|Any CPU.Build.0 = Debug|Any CPU
		{FA4415AD-1637-48DF-9C97-2A8D7835E04A}.Release|Any CPU.ActiveCfg = Release|Any CPU
		{FA4415AD-1637-48DF-9C97-2A8D7835E04A}.Release|Any CPU.Build.0 = Release|Any CPU
	EndGlobalSection
	GlobalSection(SolutionProperties) = preSolution
		HideSolutionNode = FALSE
	EndGlobalSection
	GlobalSection(ExtensibilityGlobals) = postSolution
		SolutionGuid = {556A26B2-301B-444B-979B-4FC3D4956D08}
	EndGlobalSection
EndGlobal
