
Microsoft Visual Studio Solution File, Format Version 12.00
# Visual Studio 15
VisualStudioVersion = 15.0.27004.2005
MinimumVisualStudioVersion = 10.0.40219.1
Project("{FAE04EC0-301F-11D3-BF4B-00C04F79EFBC}") = "WindowsForms_Unit21", "WindowsForms_Unit21\WindowsForms_Unit21.csproj", "{2C191D41-270D-45CF-823A-D5CCAA728FBF}"
EndProject
Global
	GlobalSection(SolutionConfigurationPlatforms) = preSolution
		Debug|Any CPU = Debug|Any CPU
		Release|Any CPU = Release|Any CPU
	EndGlobalSection
	GlobalSection(ProjectConfigurationPlatforms) = postSolution
		{2C191D41-270D-45CF-823A-D5CCAA728FBF}.Debug|Any CPU.ActiveCfg = Debug|Any CPU
		{2C191D41-270D-45CF-823A-D5CCAA728FBF}.Debug|Any CPU.Build.0 = Debug|Any CPU
		{2C191D41-270D-45CF-823A-D5CCAA728FBF}.Release|Any CPU.ActiveCfg = Release|Any CPU
		{2C191D41-270D-45CF-823A-D5CCAA728FBF}.Release|Any CPU.Build.0 = Release|Any CPU
	EndGlobalSection
	GlobalSection(SolutionProperties) = preSolution
		HideSolutionNode = FALSE
	EndGlobalSection
	GlobalSection(ExtensibilityGlobals) = postSolution
		SolutionGuid = {B91A0279-0ACA-4D30-88E5-22714F2283C8}
	EndGlobalSection
EndGlobal
