
Microsoft Visual Studio Solution File, Format Version 12.00
# Visual Studio 15
VisualStudioVersion = 15.0.27004.2005
MinimumVisualStudioVersion = 10.0.40219.1
Project("{FAE04EC0-301F-11D3-BF4B-00C04F79EFBC}") = "2-绘图", "2-绘图\2-绘图.csproj", "{FF392715-C898-42C2-B80F-92F662E10A1A}"
EndProject
Global
	GlobalSection(SolutionConfigurationPlatforms) = preSolution
		Debug|Any CPU = Debug|Any CPU
		Release|Any CPU = Release|Any CPU
	EndGlobalSection
	GlobalSection(ProjectConfigurationPlatforms) = postSolution
		{FF392715-C898-42C2-B80F-92F662E10A1A}.Debug|Any CPU.ActiveCfg = Debug|Any CPU
		{FF392715-C898-42C2-B80F-92F662E10A1A}.Debug|Any CPU.Build.0 = Debug|Any CPU
		{FF392715-C898-42C2-B80F-92F662E10A1A}.Release|Any CPU.ActiveCfg = Release|Any CPU
		{FF392715-C898-42C2-B80F-92F662E10A1A}.Release|Any CPU.Build.0 = Release|Any CPU
	EndGlobalSection
	GlobalSection(SolutionProperties) = preSolution
		HideSolutionNode = FALSE
	EndGlobalSection
	GlobalSection(ExtensibilityGlobals) = postSolution
		SolutionGuid = {545FAD58-DEC0-4934-85F8-686A36B16E30}
	EndGlobalSection
EndGlobal
