
Microsoft Visual Studio Solution File, Format Version 12.00
# Visual Studio 15
VisualStudioVersion = 15.0.27004.2005
MinimumVisualStudioVersion = 10.0.40219.1
Project("{FAE04EC0-301F-11D3-BF4B-00C04F79EFBC}") = "GraphicsForm", "GraphicsForm\GraphicsForm.csproj", "{19ECBB84-5B68-4039-A2B4-6CF75C30DF90}"
EndProject
Global
	GlobalSection(SolutionConfigurationPlatforms) = preSolution
		Debug|Any CPU = Debug|Any CPU
		Release|Any CPU = Release|Any CPU
	EndGlobalSection
	GlobalSection(ProjectConfigurationPlatforms) = postSolution
		{19ECBB84-5B68-4039-A2B4-6CF75C30DF90}.Debug|Any CPU.ActiveCfg = Debug|Any CPU
		{19ECBB84-5B68-4039-A2B4-6CF75C30DF90}.Debug|Any CPU.Build.0 = Debug|Any CPU
		{19ECBB84-5B68-4039-A2B4-6CF75C30DF90}.Release|Any CPU.ActiveCfg = Release|Any CPU
		{19ECBB84-5B68-4039-A2B4-6CF75C30DF90}.Release|Any CPU.Build.0 = Release|Any CPU
	EndGlobalSection
	GlobalSection(SolutionProperties) = preSolution
		HideSolutionNode = FALSE
	EndGlobalSection
	GlobalSection(ExtensibilityGlobals) = postSolution
		SolutionGuid = {682D9BC6-9182-46D3-981C-AB334CEAA82E}
	EndGlobalSection
EndGlobal
