
Microsoft Visual Studio Solution File, Format Version 12.00
# Visual Studio 15
VisualStudioVersion = 15.0.27004.2005
MinimumVisualStudioVersion = 10.0.40219.1
Project("{FAE04EC0-301F-11D3-BF4B-00C04F79EFBC}") = "序列化与反序列化", "序列化与反序列化\序列化与反序列化.csproj", "{CF8DAF9D-4AD1-49EF-A64B-4B2525A661F9}"
EndProject
Global
	GlobalSection(SolutionConfigurationPlatforms) = preSolution
		Debug|Any CPU = Debug|Any CPU
		Release|Any CPU = Release|Any CPU
	EndGlobalSection
	GlobalSection(ProjectConfigurationPlatforms) = postSolution
		{CF8DAF9D-4AD1-49EF-A64B-4B2525A661F9}.Debug|Any CPU.ActiveCfg = Debug|Any CPU
		{CF8DAF9D-4AD1-49EF-A64B-4B2525A661F9}.Debug|Any CPU.Build.0 = Debug|Any CPU
		{CF8DAF9D-4AD1-49EF-A64B-4B2525A661F9}.Release|Any CPU.ActiveCfg = Release|Any CPU
		{CF8DAF9D-4AD1-49EF-A64B-4B2525A661F9}.Release|Any CPU.Build.0 = Release|Any CPU
	EndGlobalSection
	GlobalSection(SolutionProperties) = preSolution
		HideSolutionNode = FALSE
	EndGlobalSection
	GlobalSection(ExtensibilityGlobals) = postSolution
		SolutionGuid = {C30B43F5-8ACE-4BC8-8864-2DF253C3FAF9}
	EndGlobalSection
EndGlobal
