
Microsoft Visual Studio Solution File, Format Version 12.00
# Visual Studio 15
VisualStudioVersion = 15.0.27004.2005
MinimumVisualStudioVersion = 10.0.40219.1
Project("{FAE04EC0-301F-11D3-BF4B-00C04F79EFBC}") = "回调函数", "回调函数\回调函数.csproj", "{8D0CF235-9972-4EE8-A961-9785FB8EC073}"
EndProject
Global
	GlobalSection(SolutionConfigurationPlatforms) = preSolution
		Debug|Any CPU = Debug|Any CPU
		Release|Any CPU = Release|Any CPU
	EndGlobalSection
	GlobalSection(ProjectConfigurationPlatforms) = postSolution
		{8D0CF235-9972-4EE8-A961-9785FB8EC073}.Debug|Any CPU.ActiveCfg = Debug|Any CPU
		{8D0CF235-9972-4EE8-A961-9785FB8EC073}.Debug|Any CPU.Build.0 = Debug|Any CPU
		{8D0CF235-9972-4EE8-A961-9785FB8EC073}.Release|Any CPU.ActiveCfg = Release|Any CPU
		{8D0CF235-9972-4EE8-A961-9785FB8EC073}.Release|Any CPU.Build.0 = Release|Any CPU
	EndGlobalSection
	GlobalSection(SolutionProperties) = preSolution
		HideSolutionNode = FALSE
	EndGlobalSection
	GlobalSection(ExtensibilityGlobals) = postSolution
		SolutionGuid = {97DCF86B-64FF-4D39-BCD8-9709D9872223}
	EndGlobalSection
EndGlobal
