
Microsoft Visual Studio Solution File, Format Version 12.00
# Visual Studio 15
VisualStudioVersion = 15.0.27004.2005
MinimumVisualStudioVersion = 10.0.40219.1
Project("{FAE04EC0-301F-11D3-BF4B-00C04F79EFBC}") = "Unit_1", "Unit_1\Unit_1.csproj", "{222D13EE-A2CE-4780-BC3E-EB3E4F460651}"
EndProject
Global
	GlobalSection(SolutionConfigurationPlatforms) = preSolution
		Debug|Any CPU = Debug|Any CPU
		Release|Any CPU = Release|Any CPU
	EndGlobalSection
	GlobalSection(ProjectConfigurationPlatforms) = postSolution
		{222D13EE-A2CE-4780-BC3E-EB3E4F460651}.Debug|Any CPU.ActiveCfg = Debug|Any CPU
		{222D13EE-A2CE-4780-BC3E-EB3E4F460651}.Debug|Any CPU.Build.0 = Debug|Any CPU
		{222D13EE-A2CE-4780-BC3E-EB3E4F460651}.Release|Any CPU.ActiveCfg = Release|Any CPU
		{222D13EE-A2CE-4780-BC3E-EB3E4F460651}.Release|Any CPU.Build.0 = Release|Any CPU
	EndGlobalSection
	GlobalSection(SolutionProperties) = preSolution
		HideSolutionNode = FALSE
	EndGlobalSection
	GlobalSection(ExtensibilityGlobals) = postSolution
		SolutionGuid = {4338ABAB-42F4-40C8-A3DF-0311FABB1A1E}
	EndGlobalSection
EndGlobal
