
Microsoft Visual Studio Solution File, Format Version 12.00
# Visual Studio 15
VisualStudioVersion = 15.0.27004.2005
MinimumVisualStudioVersion = 10.0.40219.1
Project("{FAE04EC0-301F-11D3-BF4B-00C04F79EFBC}") = "CockAndLaird", "CockAndLaird\CockAndLaird.csproj", "{C6F02000-C25A-4653-A515-F3735E44E0E9}"
EndProject
Global
	GlobalSection(SolutionConfigurationPlatforms) = preSolution
		Debug|Any CPU = Debug|Any CPU
		Release|Any CPU = Release|Any CPU
	EndGlobalSection
	GlobalSection(ProjectConfigurationPlatforms) = postSolution
		{C6F02000-C25A-4653-A515-F3735E44E0E9}.Debug|Any CPU.ActiveCfg = Debug|Any CPU
		{C6F02000-C25A-4653-A515-F3735E44E0E9}.Debug|Any CPU.Build.0 = Debug|Any CPU
		{C6F02000-C25A-4653-A515-F3735E44E0E9}.Release|Any CPU.ActiveCfg = Release|Any CPU
		{C6F02000-C25A-4653-A515-F3735E44E0E9}.Release|Any CPU.Build.0 = Release|Any CPU
	EndGlobalSection
	GlobalSection(SolutionProperties) = preSolution
		HideSolutionNode = FALSE
	EndGlobalSection
	GlobalSection(ExtensibilityGlobals) = postSolution
		SolutionGuid = {A9EE3B8F-84C3-4B27-A46D-FFE932A057EF}
	EndGlobalSection
EndGlobal
