
Microsoft Visual Studio Solution File, Format Version 12.00
# Visual Studio 15
VisualStudioVersion = 15.0.27004.2005
MinimumVisualStudioVersion = 10.0.40219.1
Project("{FAE04EC0-301F-11D3-BF4B-00C04F79EFBC}") = "打字小游戏", "打字小游戏\打字小游戏.csproj", "{DE5A50DD-2B7E-463B-B609-202EC57CB3AB}"
EndProject
Global
	GlobalSection(SolutionConfigurationPlatforms) = preSolution
		Debug|Any CPU = Debug|Any CPU
		Release|Any CPU = Release|Any CPU
	EndGlobalSection
	GlobalSection(ProjectConfigurationPlatforms) = postSolution
		{DE5A50DD-2B7E-463B-B609-202EC57CB3AB}.Debug|Any CPU.ActiveCfg = Debug|Any CPU
		{DE5A50DD-2B7E-463B-B609-202EC57CB3AB}.Debug|Any CPU.Build.0 = Debug|Any CPU
		{DE5A50DD-2B7E-463B-B609-202EC57CB3AB}.Release|Any CPU.ActiveCfg = Release|Any CPU
		{DE5A50DD-2B7E-463B-B609-202EC57CB3AB}.Release|Any CPU.Build.0 = Release|Any CPU
	EndGlobalSection
	GlobalSection(SolutionProperties) = preSolution
		HideSolutionNode = FALSE
	EndGlobalSection
	GlobalSection(ExtensibilityGlobals) = postSolution
		SolutionGuid = {99094AF3-4D13-4CE0-ADC6-8E02BBCB4215}
	EndGlobalSection
EndGlobal
