
Microsoft Visual Studio Solution File, Format Version 12.00
# Visual Studio 15
VisualStudioVersion = 15.0.26430.16
MinimumVisualStudioVersion = 10.0.40219.1
Project("{FAE04EC0-301F-11D3-BF4B-00C04F79EFBC}") = "myNetLoad", "myNetLoad\myNetLoad.csproj", "{ACAB8C2A-FA5B-4253-B597-33F4B20B9C47}"
EndProject
Global
	GlobalSection(SolutionConfigurationPlatforms) = preSolution
		Debug|Any CPU = Debug|Any CPU
		Release|Any CPU = Release|Any CPU
	EndGlobalSection
	GlobalSection(ProjectConfigurationPlatforms) = postSolution
		{ACAB8C2A-FA5B-4253-B597-33F4B20B9C47}.Debug|Any CPU.ActiveCfg = Debug|Any CPU
		{ACAB8C2A-FA5B-4253-B597-33F4B20B9C47}.Debug|Any CPU.Build.0 = Debug|Any CPU
		{ACAB8C2A-FA5B-4253-B597-33F4B20B9C47}.Release|Any CPU.ActiveCfg = Release|Any CPU
		{ACAB8C2A-FA5B-4253-B597-33F4B20B9C47}.Release|Any CPU.Build.0 = Release|Any CPU
	EndGlobalSection
	GlobalSection(SolutionProperties) = preSolution
		HideSolutionNode = FALSE
	EndGlobalSection
EndGlobal
